{
  "name": "@codelittinc/health-monitor-node",
  "version": "0.0.5",
  "lockfileVersion": 1,
  "requires": true,
  "dependencies": {
    "express-mung": {
      "version": "0.4.6",
      "resolved": "https://registry.npmjs.org/express-mung/-/express-mung-0.4.6.tgz",
      "integrity": "sha1-LfFp2Okdmh2DJjGe6yzygdFrDro="
    },
    "gelf": {
      "version": "1.0.3",
      "resolved": "https://registry.npmjs.org/gelf/-/gelf-1.0.3.tgz",
      "integrity": "sha1-aelCYS9EtTXqKbBR99Qlp3HoRm8="
    },
    "graylog-loging": {
      "version": "1.1.1",
      "resolved": "https://registry.npmjs.org/graylog-loging/-/graylog-loging-1.1.1.tgz",
      "integrity": "sha1-qkKTEVGQiburQERf10yi7Biq7IE=",
      "requires": {
        "express-mung": "0.4.6",
        "gelf": "1.0.3"
      }
    }
  }
}
